
Microsoft Visual Studio Solution File, Format Version 12.00
# Visual Studio Version 17
VisualStudioVersion = 17.3.32825.248
MinimumVisualStudioVersion = 10.0.40219.1
Project("{9A19103F-16F7-4668-BE54-9A1E7A4F7556}") = "PanelMicroserviceApi", "PanelMicroserviceApi.csproj", "{232B331E-68AA-4EAC-B781-7BE7E99F98B3}"
EndProject
Project("{9A19103F-16F7-4668-BE54-9A1E7A4F7556}") = "PanelMicroserviceApi.Tests", "..\PanelMicroserviceApi.Tests\PanelMicroserviceApi.Tests.csproj", "{4D7AA7C6-8C98-49AC-8C3E-8D0D73DABBD2}"
EndProject
Project("{FAE04EC0-301F-11D3-BF4B-00C04F79EFBC}") = "PanelMicroserviceApiGateway", "..\PanelMicroserviceApiGateway\PanelMicroserviceApiGateway.csproj", "{3A440593-9C3E-40BE-8A6B-28A8606BE8C5}"
EndProject
Global
	GlobalSection(SolutionConfigurationPlatforms) = preSolution
		Debug|Any CPU = Debug|Any CPU
		Release|Any CPU = Release|Any CPU
	EndGlobalSection
	GlobalSection(ProjectConfigurationPlatforms) = postSolution
		{232B331E-68AA-4EAC-B781-7BE7E99F98B3}.Debug|Any CPU.ActiveCfg = Debug|Any CPU
		{232B331E-68AA-4EAC-B781-7BE7E99F98B3}.Debug|Any CPU.Build.0 = Debug|Any CPU
		{232B331E-68AA-4EAC-B781-7BE7E99F98B3}.Release|Any CPU.ActiveCfg = Release|Any CPU
		{232B331E-68AA-4EAC-B781-7BE7E99F98B3}.Release|Any CPU.Build.0 = Release|Any CPU
		{4D7AA7C6-8C98-49AC-8C3E-8D0D73DABBD2}.Debug|Any CPU.ActiveCfg = Debug|Any CPU
		{4D7AA7C6-8C98-49AC-8C3E-8D0D73DABBD2}.Debug|Any CPU.Build.0 = Debug|Any CPU
		{4D7AA7C6-8C98-49AC-8C3E-8D0D73DABBD2}.Release|Any CPU.ActiveCfg = Release|Any CPU
		{4D7AA7C6-8C98-49AC-8C3E-8D0D73DABBD2}.Release|Any CPU.Build.0 = Release|Any CPU
		{3A440593-9C3E-40BE-8A6B-28A8606BE8C5}.Debug|Any CPU.ActiveCfg = Debug|Any CPU
		{3A440593-9C3E-40BE-8A6B-28A8606BE8C5}.Debug|Any CPU.Build.0 = Debug|Any CPU
		{3A440593-9C3E-40BE-8A6B-28A8606BE8C5}.Release|Any CPU.ActiveCfg = Release|Any CPU
		{3A440593-9C3E-40BE-8A6B-28A8606BE8C5}.Release|Any CPU.Build.0 = Release|Any CPU
	EndGlobalSection
	GlobalSection(SolutionProperties) = preSolution
		HideSolutionNode = FALSE
	EndGlobalSection
	GlobalSection(ExtensibilityGlobals) = postSolution
		SolutionGuid = {C2515E97-6935-429B-AFFE-C0D287907DBF}
	EndGlobalSection
EndGlobal
